
Microsoft Visual Studio Solution File, Format Version 12.00
# Visual Studio Version 16
VisualStudioVersion = 16.0.29709.97
MinimumVisualStudioVersion = 10.0.40219.1
Project("{FAE04EC0-301F-11D3-BF4B-00C04F79EFBC}") = "GitHUb", "GitHUb\GitHUb.csproj", "{3D641F96-8A59-4C3A-97AF-3BFE0321D71B}"
EndProject
Global
	GlobalSection(SolutionConfigurationPlatforms) = preSolution
		Debug|Any CPU = Debug|Any CPU
		Release|Any CPU = Release|Any CPU
	EndGlobalSection
	GlobalSection(ProjectConfigurationPlatforms) = postSolution
		{3D641F96-8A59-4C3A-97AF-3BFE0321D71B}.Debug|Any CPU.ActiveCfg = Debug|Any CPU
		{3D641F96-8A59-4C3A-97AF-3BFE0321D71B}.Debug|Any CPU.Build.0 = Debug|Any CPU
		{3D641F96-8A59-4C3A-97AF-3BFE0321D71B}.Release|Any CPU.ActiveCfg = Release|Any CPU
		{3D641F96-8A59-4C3A-97AF-3BFE0321D71B}.Release|Any CPU.Build.0 = Release|Any CPU
	EndGlobalSection
	GlobalSection(SolutionProperties) = preSolution
		HideSolutionNode = FALSE
	EndGlobalSection
	GlobalSection(ExtensibilityGlobals) = postSolution
		SolutionGuid = {564FC6CB-05C1-48E1-A2A7-51A952DF7755}
	EndGlobalSection
EndGlobal
